
Microsoft Visual Studio Solution File, Format Version 12.00
# Visual Studio 2013
VisualStudioVersion = 12.0.30501.0
MinimumVisualStudioVersion = 10.0.40219.1
Project("{FAE04EC0-301F-11D3-BF4B-00C04F79EFBC}") = "Club de go Senthé", "Club de go Senthé\Club de go Senthé.csproj", "{1DEA18D1-403C-4608-8AD0-FA74A68F0E87}"
EndProject
Global
	GlobalSection(TeamFoundationVersionControl) = preSolution
		SccNumberOfProjects = 2
		SccEnterpriseProvider = {4CA58AB2-18FA-4F8D-95D4-32DDF27D184C}
		SccTeamFoundationServer = https://tfs.di.college-em.info/tfs/a14_simulation
		SccLocalPath0 = .
		SccProjectUniqueName1 = Club\u0020de\u0020go\u0020Senthé\\Club\u0020de\u0020go\u0020Senthé.csproj
		SccProjectName1 = Club\u0020de\u0020go\u0020Senthé
		SccLocalPath1 = Club\u0020de\u0020go\u0020Senthé
	EndGlobalSection
	GlobalSection(SolutionConfigurationPlatforms) = preSolution
		Debug|Any CPU = Debug|Any CPU
		Release|Any CPU = Release|Any CPU
	EndGlobalSection
	GlobalSection(ProjectConfigurationPlatforms) = postSolution
		{1DEA18D1-403C-4608-8AD0-FA74A68F0E87}.Debug|Any CPU.ActiveCfg = Debug|Any CPU
		{1DEA18D1-403C-4608-8AD0-FA74A68F0E87}.Debug|Any CPU.Build.0 = Debug|Any CPU
		{1DEA18D1-403C-4608-8AD0-FA74A68F0E87}.Release|Any CPU.ActiveCfg = Release|Any CPU
		{1DEA18D1-403C-4608-8AD0-FA74A68F0E87}.Release|Any CPU.Build.0 = Release|Any CPU
	EndGlobalSection
	GlobalSection(SolutionProperties) = preSolution
		HideSolutionNode = FALSE
	EndGlobalSection
EndGlobal
